
Microsoft Visual Studio Solution File, Format Version 12.00
# Visual Studio Version 17
VisualStudioVersion = 17.3.32922.545
MinimumVisualStudioVersion = 10.0.40219.1
Project("{FAE04EC0-301F-11D3-BF4B-00C04F79EFBC}") = "ShedulerBotSgk", "ShedulerBotSgk\ShedulerBotSgk.csproj", "{BC5FB6DC-E6E9-47D2-B57F-1B477E3A56BF}"
EndProject
Global
	GlobalSection(SolutionConfigurationPlatforms) = preSolution
		Debug|Any CPU = Debug|Any CPU
		Release|Any CPU = Release|Any CPU
	EndGlobalSection
	GlobalSection(ProjectConfigurationPlatforms) = postSolution
		{BC5FB6DC-E6E9-47D2-B57F-1B477E3A56BF}.Debug|Any CPU.ActiveCfg = Debug|Any CPU
		{BC5FB6DC-E6E9-47D2-B57F-1B477E3A56BF}.Debug|Any CPU.Build.0 = Debug|Any CPU
		{BC5FB6DC-E6E9-47D2-B57F-1B477E3A56BF}.Release|Any CPU.ActiveCfg = Release|Any CPU
		{BC5FB6DC-E6E9-47D2-B57F-1B477E3A56BF}.Release|Any CPU.Build.0 = Release|Any CPU
	EndGlobalSection
	GlobalSection(SolutionProperties) = preSolution
		HideSolutionNode = FALSE
	EndGlobalSection
	GlobalSection(ExtensibilityGlobals) = postSolution
		SolutionGuid = {2A4DDEBC-2A8C-4A14-BF83-E54984D99DA5}
	EndGlobalSection
EndGlobal
